// !$*UTF8*$!
{
	archiveVersion = 1;
	classes = {
	};
	objectVersion = 56;
	objects = {

/* Begin PBXBuildFile section */
		E24598C92AD83AB8005BFF2D /* Multiple_ViewsApp.swift in Sources */ = {isa = PBXBuildFile; fileRef = E24598C82AD83AB8005BFF2D /* Multiple_ViewsApp.swift */; };
		E24598CB2AD83AB8005BFF2D /* ContentView.swift in Sources */ = {isa = PBXBuildFile; fileRef = E24598CA2AD83AB8005BFF2D /* ContentView.swift */; };
		E24598CD2AD83AC6005BFF2D /* Assets.xcassets in Resources */ = {isa = PBXBuildFile; fileRef = E24598CC2AD83AC6005BFF2D /* Assets.xcassets */; };
		E24598D02AD83AC6005BFF2D /* Preview Assets.xcassets in Resources */ = {isa = PBXBuildFile; fileRef = E24598CF2AD83AC6005BFF2D /* Preview Assets.xcassets */; };
		E24598DA2AD83AC6005BFF2D /* Multiple_ViewsTests.swift in Sources */ = {isa = PBXBuildFile; fileRef = E24598D92AD83AC6005BFF2D /* Multiple_ViewsTests.swift */; };
		E24598E42AD83AC6005BFF2D /* Multiple_ViewsUITests.swift in Sources */ = {isa = PBXBuildFile; fileRef = E24598E32AD83AC6005BFF2D /* Multiple_ViewsUITests.swift */; };
		E24598E62AD83AC6005BFF2D /* Multiple_ViewsUITestsLaunchTests.swift in Sources */ = {isa = PBXBuildFile; fileRef = E24598E52AD83AC6005BFF2D /* Multiple_ViewsUITestsLaunchTests.swift */; };
		E24598F52AD83C21005BFF2D /* SwiftUIView01.swift in Sources */ = {isa = PBXBuildFile; fileRef = E24598F42AD83C21005BFF2D /* SwiftUIView01.swift */; };
		E24598F72AD83F4A005BFF2D /* SwiftUIView02.swift in Sources */ = {isa = PBXBuildFile; fileRef = E24598F62AD83F4A005BFF2D /* SwiftUIView02.swift */; };
		E24598F92AD83F67005BFF2D /* SwiftUIView03.swift in Sources */ = {isa = PBXBuildFile; fileRef = E24598F82AD83F67005BFF2D /* SwiftUIView03.swift */; };
/* End PBXBuildFile section */

/* Begin PBXContainerItemProxy section */
		E24598D62AD83AC6005BFF2D /* PBXContainerItemProxy */ = {
			isa = PBXContainerItemProxy;
			containerPortal = E24598BD2AD83AB8005BFF2D /* Project object */;
			proxyType = 1;
			remoteGlobalIDString = E24598C42AD83AB8005BFF2D;
			remoteInfo = "Multiple Views";
		};
		E24598E02AD83AC6005BFF2D /* PBXContainerItemProxy */ = {
			isa = PBXContainerItemProxy;
			containerPortal = E24598BD2AD83AB8005BFF2D /* Project object */;
			proxyType = 1;
			remoteGlobalIDString = E24598C42AD83AB8005BFF2D;
			remoteInfo = "Multiple Views";
		};
/* End PBXContainerItemProxy section */

/* Begin PBXFileReference section */
		E24598C52AD83AB8005BFF2D /* Multiple Views.app */ = {isa = PBXFileReference; explicitFileType = wrapper.application; includeInIndex = 0; path = "Multiple Views.app"; sourceTree = BUILT_PRODUCTS_DIR; };
		E24598C82AD83AB8005BFF2D /* Multiple_ViewsApp.swift */ = {isa = PBXFileReference; lastKnownFileType = sourcecode.swift; path = Multiple_ViewsApp.swift; sourceTree = "<group>"; };
		E24598CA2AD83AB8005BFF2D /* ContentView.swift */ = {isa = PBXFileReference; lastKnownFileType = sourcecode.swift; path = ContentView.swift; sourceTree = "<group>"; };
		E24598CC2AD83AC6005BFF2D /* Assets.xcassets */ = {isa = PBXFileReference; lastKnownFileType = folder.assetcatalog; path = Assets.xcassets; sourceTree = "<group>"; };
		E24598CF2AD83AC6005BFF2D /* Preview Assets.xcassets */ = {isa = PBXFileReference; lastKnownFileType = folder.assetcatalog; path = "Preview Assets.xcassets"; sourceTree = "<group>"; };
		E24598D52AD83AC6005BFF2D /* Multiple ViewsTests.xctest */ = {isa = PBXFileReference; explicitFileType = wrapper.cfbundle; includeInIndex = 0; path = "Multiple ViewsTests.xctest"; sourceTree = BUILT_PRODUCTS_DIR; };
		E24598D92AD83AC6005BFF2D /* Multiple_ViewsTests.swift */ = {isa = PBXFileReference; lastKnownFileType = sourcecode.swift; path = Multiple_ViewsTests.swift; sourceTree = "<group>"; };
		E24598DF2AD83AC6005BFF2D /* Multiple ViewsUITests.xctest */ = {isa = PBXFileReference; explicitFileType = wrapper.cfbundle; includeInIndex = 0; path = "Multiple ViewsUITests.xctest"; sourceTree = BUILT_PRODUCTS_DIR; };
		E24598E32AD83AC6005BFF2D /* Multiple_ViewsUITests.swift */ = {isa = PBXFileReference; lastKnownFileType = sourcecode.swift; path = Multiple_ViewsUITests.swift; sourceTree = "<group>"; };
		E24598E52AD83AC6005BFF2D /* Multiple_ViewsUITestsLaunchTests.swift */ = {isa = PBXFileReference; lastKnownFileType = sourcecode.swift; path = Multiple_ViewsUITestsLaunchTests.swift; sourceTree = "<group>"; };
		E24598F42AD83C21005BFF2D /* SwiftUIView01.swift */ = {isa = PBXFileReference; lastKnownFileType = sourcecode.swift; path = SwiftUIView01.swift; sourceTree = "<group>"; };
		E24598F62AD83F4A005BFF2D /* SwiftUIView02.swift */ = {isa = PBXFileReference; lastKnownFileType = sourcecode.swift; path = SwiftUIView02.swift; sourceTree = "<group>"; };
		E24598F82AD83F67005BFF2D /* SwiftUIView03.swift */ = {isa = PBXFileReference; lastKnownFileType = sourcecode.swift; path = SwiftUIView03.swift; sourceTree = "<group>"; };
/* End PBXFileReference section */

/* Begin PBXFrameworksBuildPhase section */
		E24598C22AD83AB8005BFF2D /* Frameworks */ = {
			isa = PBXFrameworksBuildPhase;
			buildActionMask = 2147483647;
			files = (
			);
			runOnlyForDeploymentPostprocessing = 0;
		};
		E24598D22AD83AC6005BFF2D /* Frameworks */ = {
			isa = PBXFrameworksBuildPhase;
			buildActionMask = 2147483647;
			files = (
			);
			runOnlyForDeploymentPostprocessing = 0;
		};
		E24598DC2AD83AC6005BFF2D /* Frameworks */ = {
			isa = PBXFrameworksBuildPhase;
			buildActionMask = 2147483647;
			files = (
			);
			runOnlyForDeploymentPostprocessing = 0;
		};
/* End PBXFrameworksBuildPhase section */

/* Begin PBXGroup section */
		E24598BC2AD83AB8005BFF2D = {
			isa = PBXGroup;
			children = (
				E24598C72AD83AB8005BFF2D /* Multiple Views */,
				E24598D82AD83AC6005BFF2D /* Multiple ViewsTests */,
				E24598E22AD83AC6005BFF2D /* Multiple ViewsUITests */,
				E24598C62AD83AB8005BFF2D /* Products */,
			);
			sourceTree = "<group>";
		};
		E24598C62AD83AB8005BFF2D /* Products */ = {
			isa = PBXGroup;
			children = (
				E24598C52AD83AB8005BFF2D /* Multiple Views.app */,
				E24598D52AD83AC6005BFF2D /* Multiple ViewsTests.xctest */,
				E24598DF2AD83AC6005BFF2D /* Multiple ViewsUITests.xctest */,
			);
			name = Products;
			sourceTree = "<group>";
		};
		E24598C72AD83AB8005BFF2D /* Multiple Views */ = {
			isa = PBXGroup;
			children = (
				E24598C82AD83AB8005BFF2D /* Multiple_ViewsApp.swift */,
				E24598CA2AD83AB8005BFF2D /* ContentView.swift */,
				E24598F42AD83C21005BFF2D /* SwiftUIView01.swift */,
				E24598F62AD83F4A005BFF2D /* SwiftUIView02.swift */,
				E24598F82AD83F67005BFF2D /* SwiftUIView03.swift */,
				E24598CC2AD83AC6005BFF2D /* Assets.xcassets */,
				E24598CE2AD83AC6005BFF2D /* Preview Content */,
			);
			path = "Multiple Views";
			sourceTree = "<group>";
		};
		E24598CE2AD83AC6005BFF2D /* Preview Content */ = {
			isa = PBXGroup;
			children = (
				E24598CF2AD83AC6005BFF2D /* Preview Assets.xcassets */,
			);
			path = "Preview Content";
			sourceTree = "<group>";
		};
		E24598D82AD83AC6005BFF2D /* Multiple ViewsTests */ = {
			isa = PBXGroup;
			children = (
				E24598D92AD83AC6005BFF2D /* Multiple_ViewsTests.swift */,
			);
			path = "Multiple ViewsTests";
			sourceTree = "<group>";
		};
		E24598E22AD83AC6005BFF2D /* Multiple ViewsUITests */ = {
			isa = PBXGroup;
			children = (
				E24598E32AD83AC6005BFF2D /* Multiple_ViewsUITests.swift */,
				E24598E52AD83AC6005BFF2D /* Multiple_ViewsUITestsLaunchTests.swift */,
			);
			path = "Multiple ViewsUITests";
			sourceTree = "<group>";
		};
/* End PBXGroup section */

/* Begin PBXNativeTarget section */
		E24598C42AD83AB8005BFF2D /* Multiple Views */ = {
			isa = PBXNativeTarget;
			buildConfigurationList = E24598E92AD83AC6005BFF2D /* Build configuration list for PBXNativeTarget "Multiple Views" */;
			buildPhases = (
				E24598C12AD83AB8005BFF2D /* Sources */,
				E24598C22AD83AB8005BFF2D /* Frameworks */,
				E24598C32AD83AB8005BFF2D /* Resources */,
			);
			buildRules = (
			);
			dependencies = (
			);
			name = "Multiple Views";
			productName = "Multiple Views";
			productReference = E24598C52AD83AB8005BFF2D /* Multiple Views.app */;
			productType = "com.apple.product-type.application";
		};
		E24598D42AD83AC6005BFF2D /* Multiple ViewsTests */ = {
			isa = PBXNativeTarget;
			buildConfigurationList = E24598EC2AD83AC6005BFF2D /* Build configuration list for PBXNativeTarget "Multiple ViewsTests" */;
			buildPhases = (
				E24598D12AD83AC6005BFF2D /* Sources */,
				E24598D22AD83AC6005BFF2D /* Frameworks */,
				E24598D32AD83AC6005BFF2D /* Resources */,
			);
			buildRules = (
			);
			dependencies = (
				E24598D72AD83AC6005BFF2D /* PBXTargetDependency */,
			);
			name = "Multiple ViewsTests";
			productName = "Multiple ViewsTests";
			productReference = E24598D52AD83AC6005BFF2D /* Multiple ViewsTests.xctest */;
			productType = "com.apple.product-type.bundle.unit-test";
		};
		E24598DE2AD83AC6005BFF2D /* Multiple ViewsUITests */ = {
			isa = PBXNativeTarget;
			buildConfigurationList = E24598EF2AD83AC6005BFF2D /* Build configuration list for PBXNativeTarget "Multiple ViewsUITests" */;
			buildPhases = (
				E24598DB2AD83AC6005BFF2D /* Sources */,
				E24598DC2AD83AC6005BFF2D /* Frameworks */,
				E24598DD2AD83AC6005BFF2D /* Resources */,
			);
			buildRules = (
			);
			dependencies = (
				E24598E12AD83AC6005BFF2D /* PBXTargetDependency */,
			);
			name = "Multiple ViewsUITests";
			productName = "Multiple ViewsUITests";
			productReference = E24598DF2AD83AC6005BFF2D /* Multiple ViewsUITests.xctest */;
			productType = "com.apple.product-type.bundle.ui-testing";
		};
/* End PBXNativeTarget section */

/* Begin PBXProject section */
		E24598BD2AD83AB8005BFF2D /* Project object */ = {
			isa = PBXProject;
			attributes = {
				BuildIndependentTargetsInParallel = 1;
				LastSwiftUpdateCheck = 1430;
				LastUpgradeCheck = 1430;
				TargetAttributes = {
					E24598C42AD83AB8005BFF2D = {
						CreatedOnToolsVersion = 14.3.1;
					};
					E24598D42AD83AC6005BFF2D = {
						CreatedOnToolsVersion = 14.3.1;
						TestTargetID = E24598C42AD83AB8005BFF2D;
					};
					E24598DE2AD83AC6005BFF2D = {
						CreatedOnToolsVersion = 14.3.1;
						TestTargetID = E24598C42AD83AB8005BFF2D;
					};
				};
			};
			buildConfigurationList = E24598C02AD83AB8005BFF2D /* Build configuration list for PBXProject "Multiple Views" */;
			compatibilityVersion = "Xcode 14.0";
			developmentRegion = en;
			hasScannedForEncodings = 0;
			knownRegions = (
				en,
				Base,
			);
			mainGroup = E24598BC2AD83AB8005BFF2D;
			productRefGroup = E24598C62AD83AB8005BFF2D /* Products */;
			projectDirPath = "";
			projectRoot = "";
			targets = (
				E24598C42AD83AB8005BFF2D /* Multiple Views */,
				E24598D42AD83AC6005BFF2D /* Multiple ViewsTests */,
				E24598DE2AD83AC6005BFF2D /* Multiple ViewsUITests */,
			);
		};
/* End PBXProject section */

/* Begin PBXResourcesBuildPhase section */
		E24598C32AD83AB8005BFF2D /* Resources */ = {
			isa = PBXResourcesBuildPhase;
			buildActionMask = 2147483647;
			files = (
				E24598D02AD83AC6005BFF2D /* Preview Assets.xcassets in Resources */,
				E24598CD2AD83AC6005BFF2D /* Assets.xcassets in Resources */,
			);
			runOnlyForDeploymentPostprocessing = 0;
		};
		E24598D32AD83AC6005BFF2D /* Resources */ = {
			isa = PBXResourcesBuildPhase;
			buildActionMask = 2147483647;
			files = (
			);
			runOnlyForDeploymentPostprocessing = 0;
		};
		E24598DD2AD83AC6005BFF2D /* Resources */ = {
			isa = PBXResourcesBuildPhase;
			buildActionMask = 2147483647;
			files = (
			);
			runOnlyForDeploymentPostprocessing = 0;
		};
/* End PBXResourcesBuildPhase section */

/* Begin PBXSourcesBuildPhase section */
		E24598C12AD83AB8005BFF2D /* Sources */ = {
			isa = PBXSourcesBuildPhase;
			buildActionMask = 2147483647;
			files = (
				E24598CB2AD83AB8005BFF2D /* ContentView.swift in Sources */,
				E24598C92AD83AB8005BFF2D /* Multiple_ViewsApp.swift in Sources */,
				E24598F72AD83F4A005BFF2D /* SwiftUIView02.swift in Sources */,
				E24598F92AD83F67005BFF2D /* SwiftUIView03.swift in Sources */,
				E24598F52AD83C21005BFF2D /* SwiftUIView01.swift in Sources */,
			);
			runOnlyForDeploymentPostprocessing = 0;
		};
		E24598D12AD83AC6005BFF2D /* Sources */ = {
			isa = PBXSourcesBuildPhase;
			buildActionMask = 2147483647;
			files = (
				E24598DA2AD83AC6005BFF2D /* Multiple_ViewsTests.swift in Sources */,
			);
			runOnlyForDeploymentPostprocessing = 0;
		};
		E24598DB2AD83AC6005BFF2D /* Sources */ = {
			isa = PBXSourcesBuildPhase;
			buildActionMask = 2147483647;
			files = (
				E24598E42AD83AC6005BFF2D /* Multiple_ViewsUITests.swift in Sources */,
				E24598E62AD83AC6005BFF2D /* Multiple_ViewsUITestsLaunchTests.swift in Sources */,
			);
			runOnlyForDeploymentPostprocessing = 0;
		};
/* End PBXSourcesBuildPhase section */

/* Begin PBXTargetDependency section */
		E24598D72AD83AC6005BFF2D /* PBXTargetDependency */ = {
			isa = PBXTargetDependency;
			target = E24598C42AD83AB8005BFF2D /* Multiple Views */;
			targetProxy = E24598D62AD83AC6005BFF2D /* PBXContainerItemProxy */;
		};
		E24598E12AD83AC6005BFF2D /* PBXTargetDependency */ = {
			isa = PBXTargetDependency;
			target = E24598C42AD83AB8005BFF2D /* Multiple Views */;
			targetProxy = E24598E02AD83AC6005BFF2D /* PBXContainerItemProxy */;
		};
/* End PBXTargetDependency section */

/* Begin XCBuildConfiguration section */
		E24598E72AD83AC6005BFF2D /* Debug */ = {
			isa = XCBuildConfiguration;
			buildSettings = {
				ALWAYS_SEARCH_USER_PATHS = NO;
				CLANG_ANALYZER_NONNULL = YES;
				CLANG_ANALYZER_NUMBER_OBJECT_CONVERSION = YES_AGGRESSIVE;
				CLANG_CXX_LANGUAGE_STANDARD = "gnu++20";
				CLANG_ENABLE_MODULES = YES;
				CLANG_ENABLE_OBJC_ARC = YES;
				CLANG_ENABLE_OBJC_WEAK = YES;
				CLANG_WARN_BLOCK_CAPTURE_AUTORELEASING = YES;
				CLANG_WARN_BOOL_CONVERSION = YES;
				CLANG_WARN_COMMA = YES;
				CLANG_WARN_CONSTANT_CONVERSION = YES;
				CLANG_WARN_DEPRECATED_OBJC_IMPLEMENTATIONS = YES;
				CLANG_WARN_DIRECT_OBJC_ISA_USAGE = YES_ERROR;
				CLANG_WARN_DOCUMENTATION_COMMENTS = YES;
				CLANG_WARN_EMPTY_BODY = YES;
				CLANG_WARN_ENUM_CONVERSION = YES;
				CLANG_WARN_INFINITE_RECURSION = YES;
				CLANG_WARN_INT_CONVERSION = YES;
				CLANG_WARN_NON_LITERAL_NULL_CONVERSION = YES;
				CLANG_WARN_OBJC_IMPLICIT_RETAIN_SELF = YES;
				CLANG_WARN_OBJC_LITERAL_CONVERSION = YES;
				CLANG_WARN_OBJC_ROOT_CLASS = YES_ERROR;
				CLANG_WARN_QUOTED_INCLUDE_IN_FRAMEWORK_HEADER = YES;
				CLANG_WARN_RANGE_LOOP_ANALYSIS = YES;
				CLANG_WARN_STRICT_PROTOTYPES = YES;
				CLANG_WARN_SUSPICIOUS_MOVE = YES;
				CLANG_WARN_UNGUARDED_AVAILABILITY = YES_AGGRESSIVE;
				CLANG_WARN_UNREACHABLE_CODE = YES;
				CLANG_WARN__DUPLICATE_METHOD_MATCH = YES;
				COPY_PHASE_STRIP = NO;
				DEBUG_INFORMATION_FORMAT = dwarf;
				ENABLE_STRICT_OBJC_MSGSEND = YES;
				ENABLE_TESTABILITY = YES;
				GCC_C_LANGUAGE_STANDARD = gnu11;
				GCC_DYNAMIC_NO_PIC = NO;
				GCC_NO_COMMON_BLOCKS = YES;
				GCC_OPTIMIZATION_LEVEL = 0;
				GCC_PREPROCESSOR_DEFINITIONS = (
					"DEBUG=1",
					"$(inherited)",
				);
				GCC_WARN_64_TO_32_BIT_CONVERSION = YES;
				GCC_WARN_ABOUT_RETURN_TYPE = YES_ERROR;
				GCC_WARN_UNDECLARED_SELECTOR = YES;
				GCC_WARN_UNINITIALIZED_AUTOS = YES_AGGRESSIVE;
				GCC_WARN_UNUSED_FUNCTION = YES;
				GCC_WARN_UNUSED_VARIABLE = YES;
				IPHONEOS_DEPLOYMENT_TARGET = 16.4;
				MTL_ENABLE_DEBUG_INFO = INCLUDE_SOURCE;
				MTL_FAST_MATH = YES;
				ONLY_ACTIVE_ARCH = YES;
				SDKROOT = iphoneos;
				SWIFT_ACTIVE_COMPILATION_CONDITIONS = DEBUG;
				SWIFT_OPTIMIZATION_LEVEL = "-Onone";
			};
			name = Debug;
		};
		E24598E82AD83AC6005BFF2D /* Release */ = {
			isa = XCBuildConfiguration;
			buildSettings = {
				ALWAYS_SEARCH_USER_PATHS = NO;
				CLANG_ANALYZER_NONNULL = YES;
				CLANG_ANALYZER_NUMBER_OBJECT_CONVERSION = YES_AGGRESSIVE;
				CLANG_CXX_LANGUAGE_STANDARD = "gnu++20";
				CLANG_ENABLE_MODULES = YES;
				CLANG_ENABLE_OBJC_ARC = YES;
				CLANG_ENABLE_OBJC_WEAK = YES;
				CLANG_WARN_BLOCK_CAPTURE_AUTORELEASING = YES;
				CLANG_WARN_BOOL_CONVERSION = YES;
				CLANG_WARN_COMMA = YES;
				CLANG_WARN_CONSTANT_CONVERSION = YES;
				CLANG_WARN_DEPRECATED_OBJC_IMPLEMENTATIONS = YES;
				CLANG_WARN_DIRECT_OBJC_ISA_USAGE = YES_ERROR;
				CLANG_WARN_DOCUMENTATION_COMMENTS = YES;
				CLANG_WARN_EMPTY_BODY = YES;
				CLANG_WARN_ENUM_CONVERSION = YES;
				CLANG_WARN_INFINITE_RECURSION = YES;
				CLANG_WARN_INT_CONVERSION = YES;
				CLANG_WARN_NON_LITERAL_NULL_CONVERSION = YES;
				CLANG_WARN_OBJC_IMPLICIT_RETAIN_SELF = YES;
				CLANG_WARN_OBJC_LITERAL_CONVERSION = YES;
				CLANG_WARN_OBJC_ROOT_CLASS = YES_ERROR;
				CLANG_WARN_QUOTED_INCLUDE_IN_FRAMEWORK_HEADER = YES;
				CLANG_WARN_RANGE_LOOP_ANALYSIS = YES;
				CLANG_WARN_STRICT_PROTOTYPES = YES;
				CLANG_WARN_SUSPICIOUS_MOVE = YES;
				CLANG_WARN_UNGUARDED_AVAILABILITY = YES_AGGRESSIVE;
				CLANG_WARN_UNREACHABLE_CODE = YES;
				CLANG_WARN__DUPLICATE_METHOD_MATCH = YES;
				COPY_PHASE_STRIP = NO;
				DEBUG_INFORMATION_FORMAT = "dwarf-with-dsym";
				ENABLE_NS_ASSERTIONS = NO;
				ENABLE_STRICT_OBJC_MSGSEND = YES;
				GCC_C_LANGUAGE_STANDARD = gnu11;
				GCC_NO_COMMON_BLOCKS = YES;
				GCC_WARN_64_TO_32_BIT_CONVERSION = YES;
				GCC_WARN_ABOUT_RETURN_TYPE = YES_ERROR;
				GCC_WARN_UNDECLARED_SELECTOR = YES;
				GCC_WARN_UNINITIALIZED_AUTOS = YES_AGGRESSIVE;
				GCC_WARN_UNUSED_FUNCTION = YES;
				GCC_WARN_UNUSED_VARIABLE = YES;
				IPHONEOS_DEPLOYMENT_TARGET = 16.4;
				MTL_ENABLE_DEBUG_INFO = NO;
				MTL_FAST_MATH = YES;
				SDKROOT = iphoneos;
				SWIFT_COMPILATION_MODE = wholemodule;
				SWIFT_OPTIMIZATION_LEVEL = "-O";
				VALIDATE_PRODUCT = YES;
			};
			name = Release;
		};
		E24598EA2AD83AC6005BFF2D /* Debug */ = {
			isa = XCBuildConfiguration;
			buildSettings = {
				ASSETCATALOG_COMPILER_APPICON_NAME = AppIcon;
				ASSETCATALOG_COMPILER_GLOBAL_ACCENT_COLOR_NAME = AccentColor;
				CODE_SIGN_STYLE = Automatic;
				CURRENT_PROJECT_VERSION = 1;
				DEVELOPMENT_ASSET_PATHS = "\"Multiple Views/Preview Content\"";
				DEVELOPMENT_TEAM = 6MS443HR8T;
				ENABLE_PREVIEWS = YES;
				GENERATE_INFOPLIST_FILE = YES;
				INFOPLIST_KEY_UIApplicationSceneManifest_Generation = YES;
				INFOPLIST_KEY_UIApplicationSupportsIndirectInputEvents = YES;
				INFOPLIST_KEY_UILaunchScreen_Generation = YES;
				INFOPLIST_KEY_UISupportedInterfaceOrientations_iPad = "UIInterfaceOrientationPortrait UIInterfaceOrientationPortraitUpsideDown UIInterfaceOrientationLandscapeLeft UIInterfaceOrientationLandscapeRight";
				INFOPLIST_KEY_UISupportedInterfaceOrientations_iPhone = "UIInterfaceOrientationPortrait UIInterfaceOrientationLandscapeLeft UIInterfaceOrientationLandscapeRight";
				LD_RUNPATH_SEARCH_PATHS = (
					"$(inherited)",
					"@executable_path/Frameworks",
				);
				MARKETING_VERSION = 1.0;
				PRODUCT_BUNDLE_IDENTIFIER = "moblie-apps.Multiple-Views";
				PRODUCT_NAME = "$(TARGET_NAME)";
				SWIFT_EMIT_LOC_STRINGS = YES;
				SWIFT_VERSION = 5.0;
				TARGETED_DEVICE_FAMILY = "1,2";
			};
			name = Debug;
		};
		E24598EB2AD83AC6005BFF2D /* Release */ = {
			isa = XCBuildConfiguration;
			buildSettings = {
				ASSETCATALOG_COMPILER_APPICON_NAME = AppIcon;
				ASSETCATALOG_COMPILER_GLOBAL_ACCENT_COLOR_NAME = AccentColor;
				CODE_SIGN_STYLE = Automatic;
				CURRENT_PROJECT_VERSION = 1;
				DEVELOPMENT_ASSET_PATHS = "\"Multiple Views/Preview Content\"";
				DEVELOPMENT_TEAM = 6MS443HR8T;
				ENABLE_PREVIEWS = YES;
				GENERATE_INFOPLIST_FILE = YES;
				INFOPLIST_KEY_UIApplicationSceneManifest_Generation = YES;
				INFOPLIST_KEY_UIApplicationSupportsIndirectInputEvents = YES;
				INFOPLIST_KEY_UILaunchScreen_Generation = YES;
				INFOPLIST_KEY_UISupportedInterfaceOrientations_iPad = "UIInterfaceOrientationPortrait UIInterfaceOrientationPortraitUpsideDown UIInterfaceOrientationLandscapeLeft UIInterfaceOrientationLandscapeRight";
				INFOPLIST_KEY_UISupportedInterfaceOrientations_iPhone = "UIInterfaceOrientationPortrait UIInterfaceOrientationLandscapeLeft UIInterfaceOrientationLandscapeRight";
				LD_RUNPATH_SEARCH_PATHS = (
					"$(inherited)",
					"@executable_path/Frameworks",
				);
				MARKETING_VERSION = 1.0;
				PRODUCT_BUNDLE_IDENTIFIER = "moblie-apps.Multiple-Views";
				PRODUCT_NAME = "$(TARGET_NAME)";
				SWIFT_EMIT_LOC_STRINGS = YES;
				SWIFT_VERSION = 5.0;
				TARGETED_DEVICE_FAMILY = "1,2";
			};
			name = Release;
		};
		E24598ED2AD83AC6005BFF2D /* Debug */ = {
			isa = XCBuildConfiguration;
			buildSettings = {
				ALWAYS_EMBED_SWIFT_STANDARD_LIBRARIES = YES;
				BUNDLE_LOADER = "$(TEST_HOST)";
				CODE_SIGN_STYLE = Automatic;
				CURRENT_PROJECT_VERSION = 1;
				DEVELOPMENT_TEAM = 6MS443HR8T;
				GENERATE_INFOPLIST_FILE = YES;
				IPHONEOS_DEPLOYMENT_TARGET = 16.4;
				MARKETING_VERSION = 1.0;
				PRODUCT_BUNDLE_IDENTIFIER = "moblie-apps.Multiple-ViewsTests";
				PRODUCT_NAME = "$(TARGET_NAME)";
				SWIFT_EMIT_LOC_STRINGS = NO;
				SWIFT_VERSION = 5.0;
				TARGETED_DEVICE_FAMILY = "1,2";
				TEST_HOST = "$(BUILT_PRODUCTS_DIR)/Multiple Views.app/$(BUNDLE_EXECUTABLE_FOLDER_PATH)/Multiple Views";
			};
			name = Debug;
		};
		E24598EE2AD83AC6005BFF2D /* Release */ = {
			isa = XCBuildConfiguration;
			buildSettings = {
				ALWAYS_EMBED_SWIFT_STANDARD_LIBRARIES = YES;
				BUNDLE_LOADER = "$(TEST_HOST)";
				CODE_SIGN_STYLE = Automatic;
				CURRENT_PROJECT_VERSION = 1;
				DEVELOPMENT_TEAM = 6MS443HR8T;
				GENERATE_INFOPLIST_FILE = YES;
				IPHONEOS_DEPLOYMENT_TARGET = 16.4;
				MARKETING_VERSION = 1.0;
				PRODUCT_BUNDLE_IDENTIFIER = "moblie-apps.Multiple-ViewsTests";
				PRODUCT_NAME = "$(TARGET_NAME)";
				SWIFT_EMIT_LOC_STRINGS = NO;
				SWIFT_VERSION = 5.0;
				TARGETED_DEVICE_FAMILY = "1,2";
				TEST_HOST = "$(BUILT_PRODUCTS_DIR)/Multiple Views.app/$(BUNDLE_EXECUTABLE_FOLDER_PATH)/Multiple Views";
			};
			name = Release;
		};
		E24598F02AD83AC6005BFF2D /* Debug */ = {
			isa = XCBuildConfiguration;
			buildSettings = {
				ALWAYS_EMBED_SWIFT_STANDARD_LIBRARIES = YES;
				CODE_SIGN_STYLE = Automatic;
				CURRENT_PROJECT_VERSION = 1;
				DEVELOPMENT_TEAM = 6MS443HR8T;
				GENERATE_INFOPLIST_FILE = YES;
				MARKETING_VERSION = 1.0;
				PRODUCT_BUNDLE_IDENTIFIER = "moblie-apps.Multiple-ViewsUITests";
				PRODUCT_NAME = "$(TARGET_NAME)";
				SWIFT_EMIT_LOC_STRINGS = NO;
				SWIFT_VERSION = 5.0;
				TARGETED_DEVICE_FAMILY = "1,2";
				TEST_TARGET_NAME = "Multiple Views";
			};
			name = Debug;
		};
		E24598F12AD83AC6005BFF2D /* Release */ = {
			isa = XCBuildConfiguration;
			buildSettings = {
				ALWAYS_EMBED_SWIFT_STANDARD_LIBRARIES = YES;
				CODE_SIGN_STYLE = Automatic;
				CURRENT_PROJECT_VERSION = 1;
				DEVELOPMENT_TEAM = 6MS443HR8T;
				GENERATE_INFOPLIST_FILE = YES;
				MARKETING_VERSION = 1.0;
				PRODUCT_BUNDLE_IDENTIFIER = "moblie-apps.Multiple-ViewsUITests";
				PRODUCT_NAME = "$(TARGET_NAME)";
				SWIFT_EMIT_LOC_STRINGS = NO;
				SWIFT_VERSION = 5.0;
				TARGETED_DEVICE_FAMILY = "1,2";
				TEST_TARGET_NAME = "Multiple Views";
			};
			name = Release;
		};
/* End XCBuildConfiguration section */

/* Begin XCConfigurationList section */
		E24598C02AD83AB8005BFF2D /* Build configuration list for PBXProject "Multiple Views" */ = {
			isa = XCConfigurationList;
			buildConfigurations = (
				E24598E72AD83AC6005BFF2D /* Debug */,
				E24598E82AD83AC6005BFF2D /* Release */,
			);
			defaultConfigurationIsVisible = 0;
			defaultConfigurationName = Release;
		};
		E24598E92AD83AC6005BFF2D /* Build configuration list for PBXNativeTarget "Multiple Views" */ = {
			isa = XCConfigurationList;
			buildConfigurations = (
				E24598EA2AD83AC6005BFF2D /* Debug */,
				E24598EB2AD83AC6005BFF2D /* Release */,
			);
			defaultConfigurationIsVisible = 0;
			defaultConfigurationName = Release;
		};
		E24598EC2AD83AC6005BFF2D /* Build configuration list for PBXNativeTarget "Multiple ViewsTests" */ = {
			isa = XCConfigurationList;
			buildConfigurations = (
				E24598ED2AD83AC6005BFF2D /* Debug */,
				E24598EE2AD83AC6005BFF2D /* Release */,
			);
			defaultConfigurationIsVisible = 0;
			defaultConfigurationName = Release;
		};
		E24598EF2AD83AC6005BFF2D /* Build configuration list for PBXNativeTarget "Multiple ViewsUITests" */ = {
			isa = XCConfigurationList;
			buildConfigurations = (
				E24598F02AD83AC6005BFF2D /* Debug */,
				E24598F12AD83AC6005BFF2D /* Release */,
			);
			defaultConfigurationIsVisible = 0;
			defaultConfigurationName = Release;
		};
/* End XCConfigurationList section */
	};
	rootObject = E24598BD2AD83AB8005BFF2D /* Project object */;
}
